// !$*UTF8*$!
{
	archiveVersion = 1;
	classes = {
	};
	objectVersion = 56;
	objects = {

/* Begin PBXBuildFile section */
		4B7897E629D9863200109C6B /* CPU_MApp.swift in Sources */ = {isa = PBXBuildFile; fileRef = 4B7897E529D9863200109C6B /* CPU_MApp.swift */; };
		4B7897E829D9863200109C6B /* ContentView.swift in Sources */ = {isa = PBXBuildFile; fileRef = 4B7897E729D9863200109C6B /* ContentView.swift */; };
		4B7897EA29D9863200109C6B /* Assets.xcassets in Resources */ = {isa = PBXBuildFile; fileRef = 4B7897E929D9863200109C6B /* Assets.xcassets */; };
		4B7897ED29D9863200109C6B /* Preview Assets.xcassets in Resources */ = {isa = PBXBuildFile; fileRef = 4B7897EC29D9863200109C6B /* Preview Assets.xcassets */; };
/* End PBXBuildFile section */

/* Begin PBXContainerItemProxy section */
		4B7897F429D9863300109C6B /* PBXContainerItemProxy */ = {
			isa = PBXContainerItemProxy;
			containerPortal = 4B7897DA29D9863200109C6B /* Project object */;
			proxyType = 1;
			remoteGlobalIDString = 4B7897E129D9863200109C6B;
			remoteInfo = "CPU-M";
		};
		4B7897FE29D9863300109C6B /* PBXContainerItemProxy */ = {
			isa = PBXContainerItemProxy;
			containerPortal = 4B7897DA29D9863200109C6B /* Project object */;
			proxyType = 1;
			remoteGlobalIDString = 4B7897E129D9863200109C6B;
			remoteInfo = "CPU-M";
		};
/* End PBXContainerItemProxy section */

/* Begin PBXFileReference section */
		4B7897E229D9863200109C6B /* CPU-M.app */ = {isa = PBXFileReference; explicitFileType = wrapper.application; includeInIndex = 0; path = "CPU-M.app"; sourceTree = BUILT_PRODUCTS_DIR; };
		4B7897E529D9863200109C6B /* CPU_MApp.swift */ = {isa = PBXFileReference; lastKnownFileType = sourcecode.swift; path = CPU_MApp.swift; sourceTree = "<group>"; };
		4B7897E729D9863200109C6B /* ContentView.swift */ = {isa = PBXFileReference; lastKnownFileType = sourcecode.swift; path = ContentView.swift; sourceTree = "<group>"; };
		4B7897E929D9863200109C6B /* Assets.xcassets */ = {isa = PBXFileReference; lastKnownFileType = folder.assetcatalog; path = Assets.xcassets; sourceTree = "<group>"; };
		4B7897EC29D9863200109C6B /* Preview Assets.xcassets */ = {isa = PBXFileReference; lastKnownFileType = folder.assetcatalog; path = "Preview Assets.xcassets"; sourceTree = "<group>"; };
		4B7897EE29D9863200109C6B /* CPU_M.entitlements */ = {isa = PBXFileReference; lastKnownFileType = text.plist.entitlements; path = CPU_M.entitlements; sourceTree = "<group>"; };
		4B7897F329D9863300109C6B /* CPU-MTests.xctest */ = {isa = PBXFileReference; explicitFileType = wrapper.cfbundle; includeInIndex = 0; path = "CPU-MTests.xctest"; sourceTree = BUILT_PRODUCTS_DIR; };
		4B7897FD29D9863300109C6B /* CPU-MUITests.xctest */ = {isa = PBXFileReference; explicitFileType = wrapper.cfbundle; includeInIndex = 0; path = "CPU-MUITests.xctest"; sourceTree = BUILT_PRODUCTS_DIR; };
/* End PBXFileReference section */

/* Begin PBXFrameworksBuildPhase section */
		4B7897DF29D9863200109C6B /* Frameworks */ = {
			isa = PBXFrameworksBuildPhase;
			buildActionMask = 2147483647;
			files = (
			);
			runOnlyForDeploymentPostprocessing = 0;
		};
		4B7897F029D9863300109C6B /* Frameworks */ = {
			isa = PBXFrameworksBuildPhase;
			buildActionMask = 2147483647;
			files = (
			);
			runOnlyForDeploymentPostprocessing = 0;
		};
		4B7897FA29D9863300109C6B /* Frameworks */ = {
			isa = PBXFrameworksBuildPhase;
			buildActionMask = 2147483647;
			files = (
			);
			runOnlyForDeploymentPostprocessing = 0;
		};
/* End PBXFrameworksBuildPhase section */

/* Begin PBXGroup section */
		4B7897D929D9863200109C6B = {
			isa = PBXGroup;
			children = (
				4B7897E429D9863200109C6B /* CPU-M */,
				4B7897E329D9863200109C6B /* Products */,
			);
			sourceTree = "<group>";
		};
		4B7897E329D9863200109C6B /* Products */ = {
			isa = PBXGroup;
			children = (
				4B7897E229D9863200109C6B /* CPU-M.app */,
				4B7897F329D9863300109C6B /* CPU-MTests.xctest */,
				4B7897FD29D9863300109C6B /* CPU-MUITests.xctest */,
			);
			name = Products;
			sourceTree = "<group>";
		};
		4B7897E429D9863200109C6B /* CPU-M */ = {
			isa = PBXGroup;
			children = (
				4B7897E529D9863200109C6B /* CPU_MApp.swift */,
				4B7897E729D9863200109C6B /* ContentView.swift */,
				4B7897E929D9863200109C6B /* Assets.xcassets */,
				4B7897EE29D9863200109C6B /* CPU_M.entitlements */,
				4B7897EB29D9863200109C6B /* Preview Content */,
			);
			path = "CPU-M";
			sourceTree = "<group>";
		};
		4B7897EB29D9863200109C6B /* Preview Content */ = {
			isa = PBXGroup;
			children = (
				4B7897EC29D9863200109C6B /* Preview Assets.xcassets */,
			);
			path = "Preview Content";
			sourceTree = "<group>";
		};
/* End PBXGroup section */

/* Begin PBXNativeTarget section */
		4B7897E129D9863200109C6B /* CPU-M */ = {
			isa = PBXNativeTarget;
			buildConfigurationList = 4B78980729D9863300109C6B /* Build configuration list for PBXNativeTarget "CPU-M" */;
			buildPhases = (
				4B7897DE29D9863200109C6B /* Sources */,
				4B7897DF29D9863200109C6B /* Frameworks */,
				4B7897E029D9863200109C6B /* Resources */,
			);
			buildRules = (
			);
			dependencies = (
			);
			name = "CPU-M";
			productName = "CPU-M";
			productReference = 4B7897E229D9863200109C6B /* CPU-M.app */;
			productType = "com.apple.product-type.application";
		};
		4B7897F229D9863300109C6B /* CPU-MTests */ = {
			isa = PBXNativeTarget;
			buildConfigurationList = 4B78980A29D9863300109C6B /* Build configuration list for PBXNativeTarget "CPU-MTests" */;
			buildPhases = (
				4B7897EF29D9863300109C6B /* Sources */,
				4B7897F029D9863300109C6B /* Frameworks */,
				4B7897F129D9863300109C6B /* Resources */,
			);
			buildRules = (
			);
			dependencies = (
				4B7897F529D9863300109C6B /* PBXTargetDependency */,
			);
			name = "CPU-MTests";
			productName = "CPU-MTests";
			productReference = 4B7897F329D9863300109C6B /* CPU-MTests.xctest */;
			productType = "com.apple.product-type.bundle.unit-test";
		};
		4B7897FC29D9863300109C6B /* CPU-MUITests */ = {
			isa = PBXNativeTarget;
			buildConfigurationList = 4B78980D29D9863300109C6B /* Build configuration list for PBXNativeTarget "CPU-MUITests" */;
			buildPhases = (
				4B7897F929D9863300109C6B /* Sources */,
				4B7897FA29D9863300109C6B /* Frameworks */,
				4B7897FB29D9863300109C6B /* Resources */,
			);
			buildRules = (
			);
			dependencies = (
				4B7897FF29D9863300109C6B /* PBXTargetDependency */,
			);
			name = "CPU-MUITests";
			productName = "CPU-MUITests";
			productReference = 4B7897FD29D9863300109C6B /* CPU-MUITests.xctest */;
			productType = "com.apple.product-type.bundle.ui-testing";
		};
/* End PBXNativeTarget section */

/* Begin PBXProject section */
		4B7897DA29D9863200109C6B /* Project object */ = {
			isa = PBXProject;
			attributes = {
				BuildIndependentTargetsInParallel = 1;
				LastSwiftUpdateCheck = 1430;
				LastUpgradeCheck = 1430;
				TargetAttributes = {
					4B7897E129D9863200109C6B = {
						CreatedOnToolsVersion = 14.3;
					};
					4B7897F229D9863300109C6B = {
						CreatedOnToolsVersion = 14.3;
						TestTargetID = 4B7897E129D9863200109C6B;
					};
					4B7897FC29D9863300109C6B = {
						CreatedOnToolsVersion = 14.3;
						TestTargetID = 4B7897E129D9863200109C6B;
					};
				};
			};
			buildConfigurationList = 4B7897DD29D9863200109C6B /* Build configuration list for PBXProject "CPU-M" */;
			compatibilityVersion = "Xcode 14.0";
			developmentRegion = en;
			hasScannedForEncodings = 0;
			knownRegions = (
				en,
				Base,
			);
			mainGroup = 4B7897D929D9863200109C6B;
			productRefGroup = 4B7897E329D9863200109C6B /* Products */;
			projectDirPath = "";
			projectRoot = "";
			targets = (
				4B7897E129D9863200109C6B /* CPU-M */,
				4B7897F229D9863300109C6B /* CPU-MTests */,
				4B7897FC29D9863300109C6B /* CPU-MUITests */,
			);
		};
/* End PBXProject section */

/* Begin PBXResourcesBuildPhase section */
		4B7897E029D9863200109C6B /* Resources */ = {
			isa = PBXResourcesBuildPhase;
			buildActionMask = 2147483647;
			files = (
				4B7897ED29D9863200109C6B /* Preview Assets.xcassets in Resources */,
				4B7897EA29D9863200109C6B /* Assets.xcassets in Resources */,
			);
			runOnlyForDeploymentPostprocessing = 0;
		};
		4B7897F129D9863300109C6B /* Resources */ = {
			isa = PBXResourcesBuildPhase;
			buildActionMask = 2147483647;
			files = (
			);
			runOnlyForDeploymentPostprocessing = 0;
		};
		4B7897FB29D9863300109C6B /* Resources */ = {
			isa = PBXResourcesBuildPhase;
			buildActionMask = 2147483647;
			files = (
			);
			runOnlyForDeploymentPostprocessing = 0;
		};
/* End PBXResourcesBuildPhase section */

/* Begin PBXSourcesBuildPhase section */
		4B7897DE29D9863200109C6B /* Sources */ = {
			isa = PBXSourcesBuildPhase;
			buildActionMask = 2147483647;
			files = (
				4B7897E829D9863200109C6B /* ContentView.swift in Sources */,
				4B7897E629D9863200109C6B /* CPU_MApp.swift in Sources */,
			);
			runOnlyForDeploymentPostprocessing = 0;
		};
		4B7897EF29D9863300109C6B /* Sources */ = {
			isa = PBXSourcesBuildPhase;
			buildActionMask = 2147483647;
			files = (
			);
			runOnlyForDeploymentPostprocessing = 0;
		};
		4B7897F929D9863300109C6B /* Sources */ = {
			isa = PBXSourcesBuildPhase;
			buildActionMask = 2147483647;
			files = (
			);
			runOnlyForDeploymentPostprocessing = 0;
		};
/* End PBXSourcesBuildPhase section */

/* Begin PBXTargetDependency section */
		4B7897F529D9863300109C6B /* PBXTargetDependency */ = {
			isa = PBXTargetDependency;
			target = 4B7897E129D9863200109C6B /* CPU-M */;
			targetProxy = 4B7897F429D9863300109C6B /* PBXContainerItemProxy */;
		};
		4B7897FF29D9863300109C6B /* PBXTargetDependency */ = {
			isa = PBXTargetDependency;
			target = 4B7897E129D9863200109C6B /* CPU-M */;
			targetProxy = 4B7897FE29D9863300109C6B /* PBXContainerItemProxy */;
		};
/* End PBXTargetDependency section */

/* Begin XCBuildConfiguration section */
		4B78980529D9863300109C6B /* Debug */ = {
			isa = XCBuildConfiguration;
			buildSettings = {
				ALWAYS_SEARCH_USER_PATHS = NO;
				CLANG_ANALYZER_NONNULL = YES;
				CLANG_ANALYZER_NUMBER_OBJECT_CONVERSION = YES_AGGRESSIVE;
				CLANG_CXX_LANGUAGE_STANDARD = "gnu++20";
				CLANG_ENABLE_MODULES = YES;
				CLANG_ENABLE_OBJC_ARC = YES;
				CLANG_ENABLE_OBJC_WEAK = YES;
				CLANG_WARN_BLOCK_CAPTURE_AUTORELEASING = YES;
				CLANG_WARN_BOOL_CONVERSION = YES;
				CLANG_WARN_COMMA = YES;
				CLANG_WARN_CONSTANT_CONVERSION = YES;
				CLANG_WARN_DEPRECATED_OBJC_IMPLEMENTATIONS = YES;
				CLANG_WARN_DIRECT_OBJC_ISA_USAGE = YES_ERROR;
				CLANG_WARN_DOCUMENTATION_COMMENTS = YES;
				CLANG_WARN_EMPTY_BODY = YES;
				CLANG_WARN_ENUM_CONVERSION = YES;
				CLANG_WARN_INFINITE_RECURSION = YES;
				CLANG_WARN_INT_CONVERSION = YES;
				CLANG_WARN_NON_LITERAL_NULL_CONVERSION = YES;
				CLANG_WARN_OBJC_IMPLICIT_RETAIN_SELF = YES;
				CLANG_WARN_OBJC_LITERAL_CONVERSION = YES;
				CLANG_WARN_OBJC_ROOT_CLASS = YES_ERROR;
				CLANG_WARN_QUOTED_INCLUDE_IN_FRAMEWORK_HEADER = YES;
				CLANG_WARN_RANGE_LOOP_ANALYSIS = YES;
				CLANG_WARN_STRICT_PROTOTYPES = YES;
				CLANG_WARN_SUSPICIOUS_MOVE = YES;
				CLANG_WARN_UNGUARDED_AVAILABILITY = YES_AGGRESSIVE;
				CLANG_WARN_UNREACHABLE_CODE = YES;
				CLANG_WARN__DUPLICATE_METHOD_MATCH = YES;
				COPY_PHASE_STRIP = NO;
				DEBUG_INFORMATION_FORMAT = dwarf;
				ENABLE_STRICT_OBJC_MSGSEND = YES;
				ENABLE_TESTABILITY = YES;
				GCC_C_LANGUAGE_STANDARD = gnu11;
				GCC_DYNAMIC_NO_PIC = NO;
				GCC_NO_COMMON_BLOCKS = YES;
				GCC_OPTIMIZATION_LEVEL = 0;
				GCC_PREPROCESSOR_DEFINITIONS = (
					"DEBUG=1",
					"$(inherited)",
				);
				GCC_WARN_64_TO_32_BIT_CONVERSION = YES;
				GCC_WARN_ABOUT_RETURN_TYPE = YES_ERROR;
				GCC_WARN_UNDECLARED_SELECTOR = YES;
				GCC_WARN_UNINITIALIZED_AUTOS = YES_AGGRESSIVE;
				GCC_WARN_UNUSED_FUNCTION = YES;
				GCC_WARN_UNUSED_VARIABLE = YES;
				MACOSX_DEPLOYMENT_TARGET = 13.3;
				MTL_ENABLE_DEBUG_INFO = INCLUDE_SOURCE;
				MTL_FAST_MATH = YES;
				ONLY_ACTIVE_ARCH = YES;
				SDKROOT = macosx;
				SWIFT_ACTIVE_COMPILATION_CONDITIONS = DEBUG;
				SWIFT_OPTIMIZATION_LEVEL = "-Onone";
			};
			name = Debug;
		};
		4B78980629D9863300109C6B /* Release */ = {
			isa = XCBuildConfiguration;
			buildSettings = {
				ALWAYS_SEARCH_USER_PATHS = NO;
				CLANG_ANALYZER_NONNULL = YES;
				CLANG_ANALYZER_NUMBER_OBJECT_CONVERSION = YES_AGGRESSIVE;
				CLANG_CXX_LANGUAGE_STANDARD = "gnu++20";
				CLANG_ENABLE_MODULES = YES;
				CLANG_ENABLE_OBJC_ARC = YES;
				CLANG_ENABLE_OBJC_WEAK = YES;
				CLANG_WARN_BLOCK_CAPTURE_AUTORELEASING = YES;
				CLANG_WARN_BOOL_CONVERSION = YES;
				CLANG_WARN_COMMA = YES;
				CLANG_WARN_CONSTANT_CONVERSION = YES;
				CLANG_WARN_DEPRECATED_OBJC_IMPLEMENTATIONS = YES;
				CLANG_WARN_DIRECT_OBJC_ISA_USAGE = YES_ERROR;
				CLANG_WARN_DOCUMENTATION_COMMENTS = YES;
				CLANG_WARN_EMPTY_BODY = YES;
				CLANG_WARN_ENUM_CONVERSION = YES;
				CLANG_WARN_INFINITE_RECURSION = YES;
				CLANG_WARN_INT_CONVERSION = YES;
				CLANG_WARN_NON_LITERAL_NULL_CONVERSION = YES;
				CLANG_WARN_OBJC_IMPLICIT_RETAIN_SELF = YES;
				CLANG_WARN_OBJC_LITERAL_CONVERSION = YES;
				CLANG_WARN_OBJC_ROOT_CLASS = YES_ERROR;
				CLANG_WARN_QUOTED_INCLUDE_IN_FRAMEWORK_HEADER = YES;
				CLANG_WARN_RANGE_LOOP_ANALYSIS = YES;
				CLANG_WARN_STRICT_PROTOTYPES = YES;
				CLANG_WARN_SUSPICIOUS_MOVE = YES;
				CLANG_WARN_UNGUARDED_AVAILABILITY = YES_AGGRESSIVE;
				CLANG_WARN_UNREACHABLE_CODE = YES;
				CLANG_WARN__DUPLICATE_METHOD_MATCH = YES;
				COPY_PHASE_STRIP = NO;
				DEBUG_INFORMATION_FORMAT = "dwarf-with-dsym";
				ENABLE_NS_ASSERTIONS = NO;
				ENABLE_STRICT_OBJC_MSGSEND = YES;
				GCC_C_LANGUAGE_STANDARD = gnu11;
				GCC_NO_COMMON_BLOCKS = YES;
				GCC_WARN_64_TO_32_BIT_CONVERSION = YES;
				GCC_WARN_ABOUT_RETURN_TYPE = YES_ERROR;
				GCC_WARN_UNDECLARED_SELECTOR = YES;
				GCC_WARN_UNINITIALIZED_AUTOS = YES_AGGRESSIVE;
				GCC_WARN_UNUSED_FUNCTION = YES;
				GCC_WARN_UNUSED_VARIABLE = YES;
				MACOSX_DEPLOYMENT_TARGET = 13.3;
				MTL_ENABLE_DEBUG_INFO = NO;
				MTL_FAST_MATH = YES;
				SDKROOT = macosx;
				SWIFT_COMPILATION_MODE = wholemodule;
				SWIFT_OPTIMIZATION_LEVEL = "-O";
			};
			name = Release;
		};
		4B78980829D9863300109C6B /* Debug */ = {
			isa = XCBuildConfiguration;
			buildSettings = {
				ASSETCATALOG_COMPILER_APPICON_NAME = AppIcon;
				ASSETCATALOG_COMPILER_GLOBAL_ACCENT_COLOR_NAME = AccentColor;
				CODE_SIGN_ENTITLEMENTS = "CPU-M/CPU_M.entitlements";
				CODE_SIGN_STYLE = Automatic;
				COMBINE_HIDPI_IMAGES = YES;
				CURRENT_PROJECT_VERSION = 1;
				DEVELOPMENT_ASSET_PATHS = "\"CPU-M/Preview Content\"";
				ENABLE_PREVIEWS = YES;
				GENERATE_INFOPLIST_FILE = YES;
				INFOPLIST_KEY_NSHumanReadableCopyright = "";
				LD_RUNPATH_SEARCH_PATHS = (
					"$(inherited)",
					"@executable_path/../Frameworks",
				);
				MARKETING_VERSION = 1.0;
				PRODUCT_BUNDLE_IDENTIFIER = "com.deepschneider.CPU-M";
				PRODUCT_NAME = "$(TARGET_NAME)";
				SWIFT_EMIT_LOC_STRINGS = YES;
				SWIFT_VERSION = 5.0;
			};
			name = Debug;
		};
		4B78980929D9863300109C6B /* Release */ = {
			isa = XCBuildConfiguration;
			buildSettings = {
				ASSETCATALOG_COMPILER_APPICON_NAME = AppIcon;
				ASSETCATALOG_COMPILER_GLOBAL_ACCENT_COLOR_NAME = AccentColor;
				CODE_SIGN_ENTITLEMENTS = "CPU-M/CPU_M.entitlements";
				CODE_SIGN_STYLE = Automatic;
				COMBINE_HIDPI_IMAGES = YES;
				CURRENT_PROJECT_VERSION = 1;
				DEVELOPMENT_ASSET_PATHS = "\"CPU-M/Preview Content\"";
				ENABLE_PREVIEWS = YES;
				GENERATE_INFOPLIST_FILE = YES;
				INFOPLIST_KEY_NSHumanReadableCopyright = "";
				LD_RUNPATH_SEARCH_PATHS = (
					"$(inherited)",
					"@executable_path/../Frameworks",
				);
				MARKETING_VERSION = 1.0;
				PRODUCT_BUNDLE_IDENTIFIER = "com.deepschneider.CPU-M";
				PRODUCT_NAME = "$(TARGET_NAME)";
				SWIFT_EMIT_LOC_STRINGS = YES;
				SWIFT_VERSION = 5.0;
			};
			name = Release;
		};
		4B78980B29D9863300109C6B /* Debug */ = {
			isa = XCBuildConfiguration;
			buildSettings = {
				ALWAYS_EMBED_SWIFT_STANDARD_LIBRARIES = YES;
				BUNDLE_LOADER = "$(TEST_HOST)";
				CODE_SIGN_STYLE = Automatic;
				CURRENT_PROJECT_VERSION = 1;
				GENERATE_INFOPLIST_FILE = YES;
				MACOSX_DEPLOYMENT_TARGET = 13.3;
				MARKETING_VERSION = 1.0;
				PRODUCT_BUNDLE_IDENTIFIER = "com.deepschneider.CPU-MTests";
				PRODUCT_NAME = "$(TARGET_NAME)";
				SWIFT_EMIT_LOC_STRINGS = NO;
				SWIFT_VERSION = 5.0;
				TEST_HOST = "$(BUILT_PRODUCTS_DIR)/CPU-M.app/$(BUNDLE_EXECUTABLE_FOLDER_PATH)/CPU-M";
			};
			name = Debug;
		};
		4B78980C29D9863300109C6B /* Release */ = {
			isa = XCBuildConfiguration;
			buildSettings = {
				ALWAYS_EMBED_SWIFT_STANDARD_LIBRARIES = YES;
				BUNDLE_LOADER = "$(TEST_HOST)";
				CODE_SIGN_STYLE = Automatic;
				CURRENT_PROJECT_VERSION = 1;
				GENERATE_INFOPLIST_FILE = YES;
				MACOSX_DEPLOYMENT_TARGET = 13.3;
				MARKETING_VERSION = 1.0;
				PRODUCT_BUNDLE_IDENTIFIER = "com.deepschneider.CPU-MTests";
				PRODUCT_NAME = "$(TARGET_NAME)";
				SWIFT_EMIT_LOC_STRINGS = NO;
				SWIFT_VERSION = 5.0;
				TEST_HOST = "$(BUILT_PRODUCTS_DIR)/CPU-M.app/$(BUNDLE_EXECUTABLE_FOLDER_PATH)/CPU-M";
			};
			name = Release;
		};
		4B78980E29D9863300109C6B /* Debug */ = {
			isa = XCBuildConfiguration;
			buildSettings = {
				ALWAYS_EMBED_SWIFT_STANDARD_LIBRARIES = YES;
				CODE_SIGN_STYLE = Automatic;
				CURRENT_PROJECT_VERSION = 1;
				GENERATE_INFOPLIST_FILE = YES;
				MARKETING_VERSION = 1.0;
				PRODUCT_BUNDLE_IDENTIFIER = "com.deepschneider.CPU-MUITests";
				PRODUCT_NAME = "$(TARGET_NAME)";
				SWIFT_EMIT_LOC_STRINGS = NO;
				SWIFT_VERSION = 5.0;
				TEST_TARGET_NAME = "CPU-M";
			};
			name = Debug;
		};
		4B78980F29D9863300109C6B /* Release */ = {
			isa = XCBuildConfiguration;
			buildSettings = {
				ALWAYS_EMBED_SWIFT_STANDARD_LIBRARIES = YES;
				CODE_SIGN_STYLE = Automatic;
				CURRENT_PROJECT_VERSION = 1;
				GENERATE_INFOPLIST_FILE = YES;
				MARKETING_VERSION = 1.0;
				PRODUCT_BUNDLE_IDENTIFIER = "com.deepschneider.CPU-MUITests";
				PRODUCT_NAME = "$(TARGET_NAME)";
				SWIFT_EMIT_LOC_STRINGS = NO;
				SWIFT_VERSION = 5.0;
				TEST_TARGET_NAME = "CPU-M";
			};
			name = Release;
		};
/* End XCBuildConfiguration section */

/* Begin XCConfigurationList section */
		4B7897DD29D9863200109C6B /* Build configuration list for PBXProject "CPU-M" */ = {
			isa = XCConfigurationList;
			buildConfigurations = (
				4B78980529D9863300109C6B /* Debug */,
				4B78980629D9863300109C6B /* Release */,
			);
			defaultConfigurationIsVisible = 0;
			defaultConfigurationName = Release;
		};
		4B78980729D9863300109C6B /* Build configuration list for PBXNativeTarget "CPU-M" */ = {
			isa = XCConfigurationList;
			buildConfigurations = (
				4B78980829D9863300109C6B /* Debug */,
				4B78980929D9863300109C6B /* Release */,
			);
			defaultConfigurationIsVisible = 0;
			defaultConfigurationName = Release;
		};
		4B78980A29D9863300109C6B /* Build configuration list for PBXNativeTarget "CPU-MTests" */ = {
			isa = XCConfigurationList;
			buildConfigurations = (
				4B78980B29D9863300109C6B /* Debug */,
				4B78980C29D9863300109C6B /* Release */,
			);
			defaultConfigurationIsVisible = 0;
			defaultConfigurationName = Release;
		};
		4B78980D29D9863300109C6B /* Build configuration list for PBXNativeTarget "CPU-MUITests" */ = {
			isa = XCConfigurationList;
			buildConfigurations = (
				4B78980E29D9863300109C6B /* Debug */,
				4B78980F29D9863300109C6B /* Release */,
			);
			defaultConfigurationIsVisible = 0;
			defaultConfigurationName = Release;
		};
/* End XCConfigurationList section */
	};
	rootObject = 4B7897DA29D9863200109C6B /* Project object */;
}
